
Microsoft Visual Studio Solution File, Format Version 12.00
# Visual Studio Version 16
VisualStudioVersion = 16.0.31220.234
MinimumVisualStudioVersion = 10.0.40219.1
Project("{888888A0-9F3D-457C-B088-3A5042F75D52}") = "210702_001", "210702_001\210702_001.pyproj", "{9DC7E082-1C5A-49FB-AD0E-FF1808226B92}"
EndProject
Project("{888888A0-9F3D-457C-B088-3A5042F75D52}") = "210702_002", "210702_002\210702_002.pyproj", "{F6A1CD10-8253-400B-9024-59951175C406}"
EndProject
Global
	GlobalSection(SolutionConfigurationPlatforms) = preSolution
		Debug|Any CPU = Debug|Any CPU
		Release|Any CPU = Release|Any CPU
	EndGlobalSection
	GlobalSection(ProjectConfigurationPlatforms) = postSolution
		{9DC7E082-1C5A-49FB-AD0E-FF1808226B92}.Debug|Any CPU.ActiveCfg = Debug|Any CPU
		{9DC7E082-1C5A-49FB-AD0E-FF1808226B92}.Release|Any CPU.ActiveCfg = Release|Any CPU
		{F6A1CD10-8253-400B-9024-59951175C406}.Debug|Any CPU.ActiveCfg = Debug|Any CPU
		{F6A1CD10-8253-400B-9024-59951175C406}.Release|Any CPU.ActiveCfg = Release|Any CPU
	EndGlobalSection
	GlobalSection(SolutionProperties) = preSolution
		HideSolutionNode = FALSE
	EndGlobalSection
	GlobalSection(ExtensibilityGlobals) = postSolution
		SolutionGuid = {54198C5E-F867-4930-A33E-C4F70FDB7E07}
	EndGlobalSection
EndGlobal
